
Microsoft Visual Studio Solution File, Format Version 12.00
# Visual Studio Version 17
VisualStudioVersion = 17.3.32922.545
MinimumVisualStudioVersion = 10.0.40219.1
Project("{FAE04EC0-301F-11D3-BF4B-00C04F79EFBC}") = "Stand", "Stand\Stand.csproj", "{73B2D498-4198-40CB-B1DF-D2D01B56D310}"
EndProject
Global
	GlobalSection(SolutionConfigurationPlatforms) = preSolution
		Debug|Any CPU = Debug|Any CPU
		Release|Any CPU = Release|Any CPU
	EndGlobalSection
	GlobalSection(ProjectConfigurationPlatforms) = postSolution
		{73B2D498-4198-40CB-B1DF-D2D01B56D310}.Debug|Any CPU.ActiveCfg = Debug|Any CPU
		{73B2D498-4198-40CB-B1DF-D2D01B56D310}.Debug|Any CPU.Build.0 = Debug|Any CPU
		{73B2D498-4198-40CB-B1DF-D2D01B56D310}.Release|Any CPU.ActiveCfg = Release|Any CPU
		{73B2D498-4198-40CB-B1DF-D2D01B56D310}.Release|Any CPU.Build.0 = Release|Any CPU
	EndGlobalSection
	GlobalSection(SolutionProperties) = preSolution
		HideSolutionNode = FALSE
	EndGlobalSection
	GlobalSection(ExtensibilityGlobals) = postSolution
		SolutionGuid = {0A0AABB5-430F-497D-8D09-1BF6C87B0B6E}
	EndGlobalSection
EndGlobal
